// !$*UTF8*$!
{
	archiveVersion = 1;
	classes = {
	};
	objectVersion = 46;
	objects = {

/* Begin PBXBuildFile section */
		6418E1271B9E18C600ABD1DD /* INSEarthquake.m in Sources */ = {isa = PBXBuildFile; fileRef = 6418E1261B9E18C600ABD1DD /* INSEarthquake.m */; };
		6418E12C1B9E199E00ABD1DD /* INSCoreDataStack.m in Sources */ = {isa = PBXBuildFile; fileRef = 6418E12B1B9E199E00ABD1DD /* INSCoreDataStack.m */; };
		6418E1361B9E28F300ABD1DD /* INSDownloadEarthquakesOperation.m in Sources */ = {isa = PBXBuildFile; fileRef = 6418E1351B9E28F300ABD1DD /* INSDownloadEarthquakesOperation.m */; };
		6418E13C1B9E31D300ABD1DD /* INSParseOperation.m in Sources */ = {isa = PBXBuildFile; fileRef = 6418E13B1B9E31D300ABD1DD /* INSParseOperation.m */; };
		6418E13F1B9E3D3100ABD1DD /* INSChainOperation.h in Headers */ = {isa = PBXBuildFile; fileRef = 6418E13D1B9E3D3100ABD1DD /* INSChainOperation.h */; settings = {ATTRIBUTES = (Public, ); }; };
		6418E1401B9E3D3100ABD1DD /* INSChainOperation.m in Sources */ = {isa = PBXBuildFile; fileRef = 6418E13E1B9E3D3100ABD1DD /* INSChainOperation.m */; };
		6418E1421B9E413100ABD1DD /* INSChainableOperationProtocol.h in Headers */ = {isa = PBXBuildFile; fileRef = 6418E1411B9E3D5600ABD1DD /* INSChainableOperationProtocol.h */; settings = {ATTRIBUTES = (Public, ); }; };
		647B822F1B9E181E0051EB46 /* Model.xcdatamodeld in Sources */ = {isa = PBXBuildFile; fileRef = 647B822D1B9E181E0051EB46 /* Model.xcdatamodeld */; };
		64DFC7681B98A7C50009DB98 /* main.m in Sources */ = {isa = PBXBuildFile; fileRef = 64DFC7671B98A7C50009DB98 /* main.m */; };
		64DFC76B1B98A7C50009DB98 /* INSAppDelegate.m in Sources */ = {isa = PBXBuildFile; fileRef = 64DFC76A1B98A7C50009DB98 /* INSAppDelegate.m */; };
		64DFC76E1B98A7C50009DB98 /* INSMainViewController.m in Sources */ = {isa = PBXBuildFile; fileRef = 64DFC76D1B98A7C50009DB98 /* INSMainViewController.m */; };
		64DFC7711B98A7C50009DB98 /* Main.storyboard in Resources */ = {isa = PBXBuildFile; fileRef = 64DFC76F1B98A7C50009DB98 /* Main.storyboard */; };
		64DFC7731B98A7C50009DB98 /* Images.xcassets in Resources */ = {isa = PBXBuildFile; fileRef = 64DFC7721B98A7C50009DB98 /* Images.xcassets */; };
		64DFC7761B98A7C50009DB98 /* LaunchScreen.xib in Resources */ = {isa = PBXBuildFile; fileRef = 64DFC7741B98A7C50009DB98 /* LaunchScreen.xib */; };
		64DFC7951B98A7D00009DB98 /* INSOperationsKit.h in Headers */ = {isa = PBXBuildFile; fileRef = 64DFC7941B98A7D00009DB98 /* INSOperationsKit.h */; settings = {ATTRIBUTES = (Public, ); }; };
		64DFC79B1B98A7D00009DB98 /* INSOperationsKit.framework in Frameworks */ = {isa = PBXBuildFile; fileRef = 64DFC7901B98A7D00009DB98 /* INSOperationsKit.framework */; };
		64DFC7A41B98A7D00009DB98 /* INSOperationsKitTests.m in Sources */ = {isa = PBXBuildFile; fileRef = 64DFC7A31B98A7D00009DB98 /* INSOperationsKitTests.m */; };
		64DFC7A71B98A7D00009DB98 /* INSOperationsKit.framework in Frameworks */ = {isa = PBXBuildFile; fileRef = 64DFC7901B98A7D00009DB98 /* INSOperationsKit.framework */; };
		64DFC7A81B98A7D00009DB98 /* INSOperationsKit.framework in Embed Frameworks */ = {isa = PBXBuildFile; fileRef = 64DFC7901B98A7D00009DB98 /* INSOperationsKit.framework */; settings = {ATTRIBUTES = (CodeSignOnCopy, RemoveHeadersOnCopy, ); }; };
		64DFC7B31B98A89E0009DB98 /* INSOperationQueue.h in Headers */ = {isa = PBXBuildFile; fileRef = 64DFC7B11B98A89E0009DB98 /* INSOperationQueue.h */; settings = {ATTRIBUTES = (Public, ); }; };
		64DFC7B41B98A89E0009DB98 /* INSOperationQueue.m in Sources */ = {isa = PBXBuildFile; fileRef = 64DFC7B21B98A89E0009DB98 /* INSOperationQueue.m */; };
		64DFC7B91B98AA5E0009DB98 /* INSBlockObserver.h in Headers */ = {isa = PBXBuildFile; fileRef = 64DFC7B71B98AA5E0009DB98 /* INSBlockObserver.h */; settings = {ATTRIBUTES = (Public, ); }; };
		64DFC7BA1B98AA5E0009DB98 /* INSBlockObserver.m in Sources */ = {isa = PBXBuildFile; fileRef = 64DFC7B81B98AA5E0009DB98 /* INSBlockObserver.m */; };
		64DFC7BE1B98ABD30009DB98 /* INSOperation.h in Headers */ = {isa = PBXBuildFile; fileRef = 64DFC7BC1B98ABD30009DB98 /* INSOperation.h */; settings = {ATTRIBUTES = (Public, ); }; };
		64DFC7BF1B98ABD30009DB98 /* INSOperation.m in Sources */ = {isa = PBXBuildFile; fileRef = 64DFC7BD1B98ABD30009DB98 /* INSOperation.m */; };
		64DFC7C31B98AC0A0009DB98 /* INSOperationConditionResult.h in Headers */ = {isa = PBXBuildFile; fileRef = 64DFC7C11B98AC0A0009DB98 /* INSOperationConditionResult.h */; settings = {ATTRIBUTES = (Public, ); }; };
		64DFC7C41B98AC0A0009DB98 /* INSOperationConditionResult.m in Sources */ = {isa = PBXBuildFile; fileRef = 64DFC7C21B98AC0A0009DB98 /* INSOperationConditionResult.m */; };
		64DFC7C81B98AF210009DB98 /* NSError+INSOperationKit.h in Headers */ = {isa = PBXBuildFile; fileRef = 64DFC7C61B98AF210009DB98 /* NSError+INSOperationKit.h */; settings = {ATTRIBUTES = (Public, ); }; };
		64DFC7C91B98AF210009DB98 /* NSError+INSOperationKit.m in Sources */ = {isa = PBXBuildFile; fileRef = 64DFC7C71B98AF210009DB98 /* NSError+INSOperationKit.m */; };
		64DFC7CC1B98EB520009DB98 /* NSOperation+INSOperationKit.h in Headers */ = {isa = PBXBuildFile; fileRef = 64DFC7CA1B98EB520009DB98 /* NSOperation+INSOperationKit.h */; settings = {ATTRIBUTES = (Public, ); }; };
		64DFC7CD1B98EB520009DB98 /* NSOperation+INSOperationKit.m in Sources */ = {isa = PBXBuildFile; fileRef = 64DFC7CB1B98EB520009DB98 /* NSOperation+INSOperationKit.m */; };
		64DFC7D01B98F07C0009DB98 /* INSExclusivityController.h in Headers */ = {isa = PBXBuildFile; fileRef = 64DFC7CE1B98F07C0009DB98 /* INSExclusivityController.h */; };
		64DFC7D11B98F07C0009DB98 /* INSExclusivityController.m in Sources */ = {isa = PBXBuildFile; fileRef = 64DFC7CF1B98F07C0009DB98 /* INSExclusivityController.m */; };
		64DFC7D41B99F8C70009DB98 /* INSBlockOperation.h in Headers */ = {isa = PBXBuildFile; fileRef = 64DFC7D21B99F8C70009DB98 /* INSBlockOperation.h */; settings = {ATTRIBUTES = (Public, ); }; };
		64DFC7D51B99F8C70009DB98 /* INSBlockOperation.m in Sources */ = {isa = PBXBuildFile; fileRef = 64DFC7D31B99F8C70009DB98 /* INSBlockOperation.m */; };
		64DFC7D81B99FA150009DB98 /* INSGroupOperation.h in Headers */ = {isa = PBXBuildFile; fileRef = 64DFC7D61B99FA150009DB98 /* INSGroupOperation.h */; settings = {ATTRIBUTES = (Public, ); }; };
		64DFC7D91B99FA150009DB98 /* INSGroupOperation.m in Sources */ = {isa = PBXBuildFile; fileRef = 64DFC7D71B99FA150009DB98 /* INSGroupOperation.m */; };
		64DFC7DC1B99FB370009DB98 /* INSDelayOperation.h in Headers */ = {isa = PBXBuildFile; fileRef = 64DFC7DA1B99FB370009DB98 /* INSDelayOperation.h */; settings = {ATTRIBUTES = (Public, ); }; };
		64DFC7DD1B99FB370009DB98 /* INSDelayOperation.m in Sources */ = {isa = PBXBuildFile; fileRef = 64DFC7DB1B99FB370009DB98 /* INSDelayOperation.m */; };
		64DFC7E01B99FC840009DB98 /* INSURLSessionTaskOperation.h in Headers */ = {isa = PBXBuildFile; fileRef = 64DFC7DE1B99FC840009DB98 /* INSURLSessionTaskOperation.h */; settings = {ATTRIBUTES = (Public, ); }; };
		64DFC7E11B99FC840009DB98 /* INSURLSessionTaskOperation.m in Sources */ = {isa = PBXBuildFile; fileRef = 64DFC7DF1B99FC840009DB98 /* INSURLSessionTaskOperation.m */; };
		64DFC7E41B99FDC70009DB98 /* INSTimeoutObserver.h in Headers */ = {isa = PBXBuildFile; fileRef = 64DFC7E21B99FDC70009DB98 /* INSTimeoutObserver.h */; settings = {ATTRIBUTES = (Public, ); }; };
		64DFC7E51B99FDC70009DB98 /* INSTimeoutObserver.m in Sources */ = {isa = PBXBuildFile; fileRef = 64DFC7E31B99FDC70009DB98 /* INSTimeoutObserver.m */; };
		64DFC7E81B9A00300009DB98 /* INSMutallyExclusiveCondition.h in Headers */ = {isa = PBXBuildFile; fileRef = 64DFC7E61B9A00300009DB98 /* INSMutallyExclusiveCondition.h */; settings = {ATTRIBUTES = (Public, ); }; };
		64DFC7E91B9A00300009DB98 /* INSMutallyExclusiveCondition.m in Sources */ = {isa = PBXBuildFile; fileRef = 64DFC7E71B9A00300009DB98 /* INSMutallyExclusiveCondition.m */; };
		64DFC7ED1B9A02900009DB98 /* INSReachabilityCondition.h in Headers */ = {isa = PBXBuildFile; fileRef = 64DFC7EB1B9A02900009DB98 /* INSReachabilityCondition.h */; settings = {ATTRIBUTES = (Public, ); }; };
		64DFC7EE1B9A02900009DB98 /* INSReachabilityCondition.m in Sources */ = {isa = PBXBuildFile; fileRef = 64DFC7EC1B9A02900009DB98 /* INSReachabilityCondition.m */; };
		64DFC7F11B9A04210009DB98 /* INSReachabilityManager.h in Headers */ = {isa = PBXBuildFile; fileRef = 64DFC7EF1B9A04210009DB98 /* INSReachabilityManager.h */; settings = {ATTRIBUTES = (Public, ); }; };
		64DFC7F21B9A04210009DB98 /* INSReachabilityManager.m in Sources */ = {isa = PBXBuildFile; fileRef = 64DFC7F01B9A04210009DB98 /* INSReachabilityManager.m */; };
		64DFC7F31B9A0B2D0009DB98 /* INSOperationConditionProtocol.h in Headers */ = {isa = PBXBuildFile; fileRef = 64DFC7C51B98AE590009DB98 /* INSOperationConditionProtocol.h */; settings = {ATTRIBUTES = (Public, ); }; };
		64DFC7F41B9A0B2D0009DB98 /* INSOperationObserverProtocol.h in Headers */ = {isa = PBXBuildFile; fileRef = 64DFC7B61B98AA190009DB98 /* INSOperationObserverProtocol.h */; settings = {ATTRIBUTES = (Public, ); }; };
		64DFC7F71B9A0CF50009DB98 /* INSOperationTestCondition.m in Sources */ = {isa = PBXBuildFile; fileRef = 64DFC7F61B9A0CF50009DB98 /* INSOperationTestCondition.m */; };
		64DFC7FA1B9C9A8E0009DB98 /* INSSilientCondition.h in Headers */ = {isa = PBXBuildFile; fileRef = 64DFC7F81B9C9A8E0009DB98 /* INSSilientCondition.h */; settings = {ATTRIBUTES = (Public, ); }; };
		64DFC7FB1B9C9A8E0009DB98 /* INSSilientCondition.m in Sources */ = {isa = PBXBuildFile; fileRef = 64DFC7F91B9C9A8E0009DB98 /* INSSilientCondition.m */; };
		64DFC7FE1B9CA0E90009DB98 /* INSNegatedCondition.h in Headers */ = {isa = PBXBuildFile; fileRef = 64DFC7FC1B9CA0E90009DB98 /* INSNegatedCondition.h */; settings = {ATTRIBUTES = (Public, ); }; };
		64DFC7FF1B9CA0E90009DB98 /* INSNegatedCondition.m in Sources */ = {isa = PBXBuildFile; fileRef = 64DFC7FD1B9CA0E90009DB98 /* INSNegatedCondition.m */; };
		64DFC8021B9CAB450009DB98 /* INSNoCancelledDependenciesCondition.h in Headers */ = {isa = PBXBuildFile; fileRef = 64DFC8001B9CAB450009DB98 /* INSNoCancelledDependenciesCondition.h */; settings = {ATTRIBUTES = (Public, ); }; };
		64DFC8031B9CAB450009DB98 /* INSNoCancelledDependenciesCondition.m in Sources */ = {isa = PBXBuildFile; fileRef = 64DFC8011B9CAB450009DB98 /* INSNoCancelledDependenciesCondition.m */; };
		64DFC8061B9CBCD10009DB98 /* INSPhotosLibraryAccessCondition.h in Headers */ = {isa = PBXBuildFile; fileRef = 64DFC8041B9CBCD10009DB98 /* INSPhotosLibraryAccessCondition.h */; settings = {ATTRIBUTES = (Public, ); }; };
		64DFC8071B9CBCD10009DB98 /* INSPhotosLibraryAccessCondition.m in Sources */ = {isa = PBXBuildFile; fileRef = 64DFC8051B9CBCD10009DB98 /* INSPhotosLibraryAccessCondition.m */; };
		64DFC80A1B9CBCEC0009DB98 /* INSPhotosLibraryAccessOperation.h in Headers */ = {isa = PBXBuildFile; fileRef = 64DFC8081B9CBCEC0009DB98 /* INSPhotosLibraryAccessOperation.h */; settings = {ATTRIBUTES = (Public, ); }; };
		64DFC80B1B9CBCEC0009DB98 /* INSPhotosLibraryAccessOperation.m in Sources */ = {isa = PBXBuildFile; fileRef = 64DFC8091B9CBCEC0009DB98 /* INSPhotosLibraryAccessOperation.m */; };
/* End PBXBuildFile section */

/* Begin PBXContainerItemProxy section */
		64DFC79C1B98A7D00009DB98 /* PBXContainerItemProxy */ = {
			isa = PBXContainerItemProxy;
			containerPortal = 64DFC75A1B98A7C50009DB98 /* Project object */;
			proxyType = 1;
			remoteGlobalIDString = 64DFC78F1B98A7D00009DB98;
			remoteInfo = INSOperationsKit;
		};
		64DFC7A51B98A7D00009DB98 /* PBXContainerItemProxy */ = {
			isa = PBXContainerItemProxy;
			containerPortal = 64DFC75A1B98A7C50009DB98 /* Project object */;
			proxyType = 1;
			remoteGlobalIDString = 64DFC78F1B98A7D00009DB98;
			remoteInfo = INSOperationsKit;
		};
/* End PBXContainerItemProxy section */

/* Begin PBXCopyFilesBuildPhase section */
		64DFC7AC1B98A7D00009DB98 /* Embed Frameworks */ = {
			isa = PBXCopyFilesBuildPhase;
			buildActionMask = 2147483647;
			dstPath = "";
			dstSubfolderSpec = 10;
			files = (
				64DFC7A81B98A7D00009DB98 /* INSOperationsKit.framework in Embed Frameworks */,
			);
			name = "Embed Frameworks";
			runOnlyForDeploymentPostprocessing = 0;
		};
/* End PBXCopyFilesBuildPhase section */

/* Begin PBXFileReference section */
		6418E1241B9E18C600ABD1DD /* INSEarthquake+CoreDataProperties.h */ = {isa = PBXFileReference; fileEncoding = 4; lastKnownFileType = sourcecode.c.h; path = "INSEarthquake+CoreDataProperties.h"; sourceTree = "<group>"; };
		6418E1251B9E18C600ABD1DD /* INSEarthquake.h */ = {isa = PBXFileReference; fileEncoding = 4; lastKnownFileType = sourcecode.c.h; path = INSEarthquake.h; sourceTree = "<group>"; };
		6418E1261B9E18C600ABD1DD /* INSEarthquake.m */ = {isa = PBXFileReference; fileEncoding = 4; lastKnownFileType = sourcecode.c.objc; path = INSEarthquake.m; sourceTree = "<group>"; };
		6418E1281B9E18FC00ABD1DD /* INSCoreDataParsable.h */ = {isa = PBXFileReference; lastKnownFileType = sourcecode.c.h; path = INSCoreDataParsable.h; sourceTree = "<group>"; };
		6418E12A1B9E199E00ABD1DD /* INSCoreDataStack.h */ = {isa = PBXFileReference; fileEncoding = 4; lastKnownFileType = sourcecode.c.h; path = INSCoreDataStack.h; sourceTree = "<group>"; };
		6418E12B1B9E199E00ABD1DD /* INSCoreDataStack.m */ = {isa = PBXFileReference; fileEncoding = 4; lastKnownFileType = sourcecode.c.objc; path = INSCoreDataStack.m; sourceTree = "<group>"; };
		6418E1341B9E28F300ABD1DD /* INSDownloadEarthquakesOperation.h */ = {isa = PBXFileReference; fileEncoding = 4; lastKnownFileType = sourcecode.c.h; path = INSDownloadEarthquakesOperation.h; sourceTree = "<group>"; };
		6418E1351B9E28F300ABD1DD /* INSDownloadEarthquakesOperation.m */ = {isa = PBXFileReference; fileEncoding = 4; lastKnownFileType = sourcecode.c.objc; path = INSDownloadEarthquakesOperation.m; sourceTree = "<group>"; };
		6418E13A1B9E31D300ABD1DD /* INSParseOperation.h */ = {isa = PBXFileReference; fileEncoding = 4; lastKnownFileType = sourcecode.c.h; path = INSParseOperation.h; sourceTree = "<group>"; };
		6418E13B1B9E31D300ABD1DD /* INSParseOperation.m */ = {isa = PBXFileReference; fileEncoding = 4; lastKnownFileType = sourcecode.c.objc; path = INSParseOperation.m; sourceTree = "<group>"; };
		6418E13D1B9E3D3100ABD1DD /* INSChainOperation.h */ = {isa = PBXFileReference; fileEncoding = 4; lastKnownFileType = sourcecode.c.h; path = INSChainOperation.h; sourceTree = "<group>"; };
		6418E13E1B9E3D3100ABD1DD /* INSChainOperation.m */ = {isa = PBXFileReference; fileEncoding = 4; lastKnownFileType = sourcecode.c.objc; path = INSChainOperation.m; sourceTree = "<group>"; };
		6418E1411B9E3D5600ABD1DD /* INSChainableOperationProtocol.h */ = {isa = PBXFileReference; lastKnownFileType = sourcecode.c.h; path = INSChainableOperationProtocol.h; sourceTree = "<group>"; };
		647B822E1B9E181E0051EB46 /* Model.xcdatamodel */ = {isa = PBXFileReference; lastKnownFileType = wrapper.xcdatamodel; path = Model.xcdatamodel; sourceTree = "<group>"; };
		64DFC7621B98A7C50009DB98 /* INSOperationsKit Demo.app */ = {isa = PBXFileReference; explicitFileType = wrapper.application; includeInIndex = 0; path = "INSOperationsKit Demo.app"; sourceTree = BUILT_PRODUCTS_DIR; };
		64DFC7661B98A7C50009DB98 /* Info.plist */ = {isa = PBXFileReference; lastKnownFileType = text.plist.xml; path = Info.plist; sourceTree = "<group>"; };
		64DFC7671B98A7C50009DB98 /* main.m */ = {isa = PBXFileReference; lastKnownFileType = sourcecode.c.objc; path = main.m; sourceTree = "<group>"; };
		64DFC7691B98A7C50009DB98 /* INSAppDelegate.h */ = {isa = PBXFileReference; lastKnownFileType = sourcecode.c.h; path = INSAppDelegate.h; sourceTree = "<group>"; };
		64DFC76A1B98A7C50009DB98 /* INSAppDelegate.m */ = {isa = PBXFileReference; lastKnownFileType = sourcecode.c.objc; path = INSAppDelegate.m; sourceTree = "<group>"; };
		64DFC76C1B98A7C50009DB98 /* INSMainViewController.h */ = {isa = PBXFileReference; lastKnownFileType = sourcecode.c.h; path = INSMainViewController.h; sourceTree = "<group>"; };
		64DFC76D1B98A7C50009DB98 /* INSMainViewController.m */ = {isa = PBXFileReference; lastKnownFileType = sourcecode.c.objc; path = INSMainViewController.m; sourceTree = "<group>"; };
		64DFC7701B98A7C50009DB98 /* Base */ = {isa = PBXFileReference; lastKnownFileType = file.storyboard; name = Base; path = Base.lproj/Main.storyboard; sourceTree = "<group>"; };
		64DFC7721B98A7C50009DB98 /* Images.xcassets */ = {isa = PBXFileReference; lastKnownFileType = folder.assetcatalog; path = Images.xcassets; sourceTree = "<group>"; };
		64DFC7751B98A7C50009DB98 /* Base */ = {isa = PBXFileReference; lastKnownFileType = file.xib; name = Base; path = Base.lproj/LaunchScreen.xib; sourceTree = "<group>"; };
		64DFC7901B98A7D00009DB98 /* INSOperationsKit.framework */ = {isa = PBXFileReference; explicitFileType = wrapper.framework; includeInIndex = 0; path = INSOperationsKit.framework; sourceTree = BUILT_PRODUCTS_DIR; };
		64DFC7931B98A7D00009DB98 /* Info.plist */ = {isa = PBXFileReference; lastKnownFileType = text.plist.xml; path = Info.plist; sourceTree = "<group>"; };
		64DFC7941B98A7D00009DB98 /* INSOperationsKit.h */ = {isa = PBXFileReference; lastKnownFileType = sourcecode.c.h; path = INSOperationsKit.h; sourceTree = "<group>"; };
		64DFC79A1B98A7D00009DB98 /* INSOperationsKitTests.xctest */ = {isa = PBXFileReference; explicitFileType = wrapper.cfbundle; includeInIndex = 0; path = INSOperationsKitTests.xctest; sourceTree = BUILT_PRODUCTS_DIR; };
		64DFC7A21B98A7D00009DB98 /* Info.plist */ = {isa = PBXFileReference; lastKnownFileType = text.plist.xml; path = Info.plist; sourceTree = "<group>"; };
		64DFC7A31B98A7D00009DB98 /* INSOperationsKitTests.m */ = {isa = PBXFileReference; lastKnownFileType = sourcecode.c.objc; path = INSOperationsKitTests.m; sourceTree = "<group>"; };
		64DFC7B11B98A89E0009DB98 /* INSOperationQueue.h */ = {isa = PBXFileReference; fileEncoding = 4; lastKnownFileType = sourcecode.c.h; path = INSOperationQueue.h; sourceTree = "<group>"; };
		64DFC7B21B98A89E0009DB98 /* INSOperationQueue.m */ = {isa = PBXFileReference; fileEncoding = 4; lastKnownFileType = sourcecode.c.objc; path = INSOperationQueue.m; sourceTree = "<group>"; };
		64DFC7B61B98AA190009DB98 /* INSOperationObserverProtocol.h */ = {isa = PBXFileReference; lastKnownFileType = sourcecode.c.h; path = INSOperationObserverProtocol.h; sourceTree = "<group>"; };
		64DFC7B71B98AA5E0009DB98 /* INSBlockObserver.h */ = {isa = PBXFileReference; fileEncoding = 4; lastKnownFileType = sourcecode.c.h; path = INSBlockObserver.h; sourceTree = "<group>"; };
		64DFC7B81B98AA5E0009DB98 /* INSBlockObserver.m */ = {isa = PBXFileReference; fileEncoding = 4; lastKnownFileType = sourcecode.c.objc; path = INSBlockObserver.m; sourceTree = "<group>"; };
		64DFC7BC1B98ABD30009DB98 /* INSOperation.h */ = {isa = PBXFileReference; fileEncoding = 4; lastKnownFileType = sourcecode.c.h; path = INSOperation.h; sourceTree = "<group>"; };
		64DFC7BD1B98ABD30009DB98 /* INSOperation.m */ = {isa = PBXFileReference; fileEncoding = 4; lastKnownFileType = sourcecode.c.objc; path = INSOperation.m; sourceTree = "<group>"; };
		64DFC7C11B98AC0A0009DB98 /* INSOperationConditionResult.h */ = {isa = PBXFileReference; fileEncoding = 4; lastKnownFileType = sourcecode.c.h; path = INSOperationConditionResult.h; sourceTree = "<group>"; };
		64DFC7C21B98AC0A0009DB98 /* INSOperationConditionResult.m */ = {isa = PBXFileReference; fileEncoding = 4; lastKnownFileType = sourcecode.c.objc; path = INSOperationConditionResult.m; sourceTree = "<group>"; };
		64DFC7C51B98AE590009DB98 /* INSOperationConditionProtocol.h */ = {isa = PBXFileReference; lastKnownFileType = sourcecode.c.h; path = INSOperationConditionProtocol.h; sourceTree = "<group>"; };
		64DFC7C61B98AF210009DB98 /* NSError+INSOperationKit.h */ = {isa = PBXFileReference; fileEncoding = 4; lastKnownFileType = sourcecode.c.h; name = "NSError+INSOperationKit.h"; path = "../Conditions/NSError+INSOperationKit.h"; sourceTree = "<group>"; };
		64DFC7C71B98AF210009DB98 /* NSError+INSOperationKit.m */ = {isa = PBXFileReference; fileEncoding = 4; lastKnownFileType = sourcecode.c.objc; name = "NSError+INSOperationKit.m"; path = "../Conditions/NSError+INSOperationKit.m"; sourceTree = "<group>"; };
		64DFC7CA1B98EB520009DB98 /* NSOperation+INSOperationKit.h */ = {isa = PBXFileReference; fileEncoding = 4; lastKnownFileType = sourcecode.c.h; path = "NSOperation+INSOperationKit.h"; sourceTree = "<group>"; };
		64DFC7CB1B98EB520009DB98 /* NSOperation+INSOperationKit.m */ = {isa = PBXFileReference; fileEncoding = 4; lastKnownFileType = sourcecode.c.objc; path = "NSOperation+INSOperationKit.m"; sourceTree = "<group>"; };
		64DFC7CE1B98F07C0009DB98 /* INSExclusivityController.h */ = {isa = PBXFileReference; fileEncoding = 4; lastKnownFileType = sourcecode.c.h; path = INSExclusivityController.h; sourceTree = "<group>"; };
		64DFC7CF1B98F07C0009DB98 /* INSExclusivityController.m */ = {isa = PBXFileReference; fileEncoding = 4; lastKnownFileType = sourcecode.c.objc; path = INSExclusivityController.m; sourceTree = "<group>"; };
		64DFC7D21B99F8C70009DB98 /* INSBlockOperation.h */ = {isa = PBXFileReference; fileEncoding = 4; lastKnownFileType = sourcecode.c.h; path = INSBlockOperation.h; sourceTree = "<group>"; };
		64DFC7D31B99F8C70009DB98 /* INSBlockOperation.m */ = {isa = PBXFileReference; fileEncoding = 4; lastKnownFileType = sourcecode.c.objc; path = INSBlockOperation.m; sourceTree = "<group>"; };
		64DFC7D61B99FA150009DB98 /* INSGroupOperation.h */ = {isa = PBXFileReference; fileEncoding = 4; lastKnownFileType = sourcecode.c.h; path = INSGroupOperation.h; sourceTree = "<group>"; };
		64DFC7D71B99FA150009DB98 /* INSGroupOperation.m */ = {isa = PBXFileReference; fileEncoding = 4; lastKnownFileType = sourcecode.c.objc; path = INSGroupOperation.m; sourceTree = "<group>"; };
		64DFC7DA1B99FB370009DB98 /* INSDelayOperation.h */ = {isa = PBXFileReference; fileEncoding = 4; lastKnownFileType = sourcecode.c.h; path = INSDelayOperation.h; sourceTree = "<group>"; };
		64DFC7DB1B99FB370009DB98 /* INSDelayOperation.m */ = {isa = PBXFileReference; fileEncoding = 4; lastKnownFileType = sourcecode.c.objc; path = INSDelayOperation.m; sourceTree = "<group>"; };
		64DFC7DE1B99FC840009DB98 /* INSURLSessionTaskOperation.h */ = {isa = PBXFileReference; fileEncoding = 4; lastKnownFileType = sourcecode.c.h; path = INSURLSessionTaskOperation.h; sourceTree = "<group>"; };
		64DFC7DF1B99FC840009DB98 /* INSURLSessionTaskOperation.m */ = {isa = PBXFileReference; fileEncoding = 4; lastKnownFileType = sourcecode.c.objc; path = INSURLSessionTaskOperation.m; sourceTree = "<group>"; };
		64DFC7E21B99FDC70009DB98 /* INSTimeoutObserver.h */ = {isa = PBXFileReference; fileEncoding = 4; lastKnownFileType = sourcecode.c.h; path = INSTimeoutObserver.h; sourceTree = "<group>"; };
		64DFC7E31B99FDC70009DB98 /* INSTimeoutObserver.m */ = {isa = PBXFileReference; fileEncoding = 4; lastKnownFileType = sourcecode.c.objc; path = INSTimeoutObserver.m; sourceTree = "<group>"; };
		64DFC7E61B9A00300009DB98 /* INSMutallyExclusiveCondition.h */ = {isa = PBXFileReference; fileEncoding = 4; lastKnownFileType = sourcecode.c.h; path = INSMutallyExclusiveCondition.h; sourceTree = "<group>"; };
		64DFC7E71B9A00300009DB98 /* INSMutallyExclusiveCondition.m */ = {isa = PBXFileReference; fileEncoding = 4; lastKnownFileType = sourcecode.c.objc; path = INSMutallyExclusiveCondition.m; sourceTree = "<group>"; };
		64DFC7EB1B9A02900009DB98 /* INSReachabilityCondition.h */ = {isa = PBXFileReference; fileEncoding = 4; lastKnownFileType = sourcecode.c.h; path = INSReachabilityCondition.h; sourceTree = "<group>"; };
		64DFC7EC1B9A02900009DB98 /* INSReachabilityCondition.m */ = {isa = PBXFileReference; fileEncoding = 4; lastKnownFileType = sourcecode.c.objc; path = INSReachabilityCondition.m; sourceTree = "<group>"; };
		64DFC7EF1B9A04210009DB98 /* INSReachabilityManager.h */ = {isa = PBXFileReference; fileEncoding = 4; lastKnownFileType = sourcecode.c.h; path = INSReachabilityManager.h; sourceTree = "<group>"; };
		64DFC7F01B9A04210009DB98 /* INSReachabilityManager.m */ = {isa = PBXFileReference; fileEncoding = 4; lastKnownFileType = sourcecode.c.objc; path = INSReachabilityManager.m; sourceTree = "<group>"; };
		64DFC7F51B9A0CF50009DB98 /* INSOperationTestCondition.h */ = {isa = PBXFileReference; fileEncoding = 4; lastKnownFileType = sourcecode.c.h; path = INSOperationTestCondition.h; sourceTree = "<group>"; };
		64DFC7F61B9A0CF50009DB98 /* INSOperationTestCondition.m */ = {isa = PBXFileReference; fileEncoding = 4; lastKnownFileType = sourcecode.c.objc; path = INSOperationTestCondition.m; sourceTree = "<group>"; };
		64DFC7F81B9C9A8E0009DB98 /* INSSilientCondition.h */ = {isa = PBXFileReference; fileEncoding = 4; lastKnownFileType = sourcecode.c.h; path = INSSilientCondition.h; sourceTree = "<group>"; };
		64DFC7F91B9C9A8E0009DB98 /* INSSilientCondition.m */ = {isa = PBXFileReference; fileEncoding = 4; lastKnownFileType = sourcecode.c.objc; path = INSSilientCondition.m; sourceTree = "<group>"; };
		64DFC7FC1B9CA0E90009DB98 /* INSNegatedCondition.h */ = {isa = PBXFileReference; fileEncoding = 4; lastKnownFileType = sourcecode.c.h; path = INSNegatedCondition.h; sourceTree = "<group>"; };
		64DFC7FD1B9CA0E90009DB98 /* INSNegatedCondition.m */ = {isa = PBXFileReference; fileEncoding = 4; lastKnownFileType = sourcecode.c.objc; path = INSNegatedCondition.m; sourceTree = "<group>"; };
		64DFC8001B9CAB450009DB98 /* INSNoCancelledDependenciesCondition.h */ = {isa = PBXFileReference; fileEncoding = 4; lastKnownFileType = sourcecode.c.h; path = INSNoCancelledDependenciesCondition.h; sourceTree = "<group>"; };
		64DFC8011B9CAB450009DB98 /* INSNoCancelledDependenciesCondition.m */ = {isa = PBXFileReference; fileEncoding = 4; lastKnownFileType = sourcecode.c.objc; path = INSNoCancelledDependenciesCondition.m; sourceTree = "<group>"; };
		64DFC8041B9CBCD10009DB98 /* INSPhotosLibraryAccessCondition.h */ = {isa = PBXFileReference; fileEncoding = 4; lastKnownFileType = sourcecode.c.h; path = INSPhotosLibraryAccessCondition.h; sourceTree = "<group>"; };
		64DFC8051B9CBCD10009DB98 /* INSPhotosLibraryAccessCondition.m */ = {isa = PBXFileReference; fileEncoding = 4; lastKnownFileType = sourcecode.c.objc; path = INSPhotosLibraryAccessCondition.m; sourceTree = "<group>"; };
		64DFC8081B9CBCEC0009DB98 /* INSPhotosLibraryAccessOperation.h */ = {isa = PBXFileReference; fileEncoding = 4; lastKnownFileType = sourcecode.c.h; path = INSPhotosLibraryAccessOperation.h; sourceTree = "<group>"; };
		64DFC8091B9CBCEC0009DB98 /* INSPhotosLibraryAccessOperation.m */ = {isa = PBXFileReference; fileEncoding = 4; lastKnownFileType = sourcecode.c.objc; path = INSPhotosLibraryAccessOperation.m; sourceTree = "<group>"; };
		757B7F30F0064A2F81F6C8C4 /* Pods.framework */ = {isa = PBXFileReference; explicitFileType = wrapper.framework; includeInIndex = 0; path = Pods.framework; sourceTree = BUILT_PRODUCTS_DIR; };
/* End PBXFileReference section */

/* Begin PBXFrameworksBuildPhase section */
		64DFC75F1B98A7C50009DB98 /* Frameworks */ = {
			isa = PBXFrameworksBuildPhase;
			buildActionMask = 2147483647;
			files = (
				64DFC7A71B98A7D00009DB98 /* INSOperationsKit.framework in Frameworks */,
			);
			runOnlyForDeploymentPostprocessing = 0;
		};
		64DFC78C1B98A7D00009DB98 /* Frameworks */ = {
			isa = PBXFrameworksBuildPhase;
			buildActionMask = 2147483647;
			files = (
			);
			runOnlyForDeploymentPostprocessing = 0;
		};
		64DFC7971B98A7D00009DB98 /* Frameworks */ = {
			isa = PBXFrameworksBuildPhase;
			buildActionMask = 2147483647;
			files = (
				64DFC79B1B98A7D00009DB98 /* INSOperationsKit.framework in Frameworks */,
			);
			runOnlyForDeploymentPostprocessing = 0;
		};
/* End PBXFrameworksBuildPhase section */

/* Begin PBXGroup section */
		1F256ACF4C59142FECD21FA1 /* Frameworks */ = {
			isa = PBXGroup;
			children = (
				757B7F30F0064A2F81F6C8C4 /* Pods.framework */,
			);
			name = Frameworks;
			sourceTree = "<group>";
		};
		6418E1291B9E198700ABD1DD /* Operations */ = {
			isa = PBXGroup;
			children = (
				6418E1341B9E28F300ABD1DD /* INSDownloadEarthquakesOperation.h */,
				6418E1351B9E28F300ABD1DD /* INSDownloadEarthquakesOperation.m */,
				6418E13A1B9E31D300ABD1DD /* INSParseOperation.h */,
				6418E13B1B9E31D300ABD1DD /* INSParseOperation.m */,
			);
			path = Operations;
			sourceTree = "<group>";
		};
		647B822C1B9E163E0051EB46 /* Model */ = {
			isa = PBXGroup;
			children = (
				6418E12A1B9E199E00ABD1DD /* INSCoreDataStack.h */,
				6418E12B1B9E199E00ABD1DD /* INSCoreDataStack.m */,
				6418E1281B9E18FC00ABD1DD /* INSCoreDataParsable.h */,
				6418E1241B9E18C600ABD1DD /* INSEarthquake+CoreDataProperties.h */,
				6418E1251B9E18C600ABD1DD /* INSEarthquake.h */,
				6418E1261B9E18C600ABD1DD /* INSEarthquake.m */,
				647B822D1B9E181E0051EB46 /* Model.xcdatamodeld */,
			);
			path = Model;
			sourceTree = "<group>";
		};
		64DFC7591B98A7C50009DB98 = {
			isa = PBXGroup;
			children = (
				64DFC7911B98A7D00009DB98 /* INSOperationsKit */,
				64DFC7A01B98A7D00009DB98 /* INSOperationsKitTests */,
				64DFC7641B98A7C50009DB98 /* INSOperationsKit Demo */,
				64DFC7631B98A7C50009DB98 /* Products */,
				1F256ACF4C59142FECD21FA1 /* Frameworks */,
			);
			sourceTree = "<group>";
		};
		64DFC7631B98A7C50009DB98 /* Products */ = {
			isa = PBXGroup;
			children = (
				64DFC7621B98A7C50009DB98 /* INSOperationsKit Demo.app */,
				64DFC7901B98A7D00009DB98 /* INSOperationsKit.framework */,
				64DFC79A1B98A7D00009DB98 /* INSOperationsKitTests.xctest */,
			);
			name = Products;
			sourceTree = "<group>";
		};
		64DFC7641B98A7C50009DB98 /* INSOperationsKit Demo */ = {
			isa = PBXGroup;
			children = (
				6418E1291B9E198700ABD1DD /* Operations */,
				647B822C1B9E163E0051EB46 /* Model */,
				64DFC7691B98A7C50009DB98 /* INSAppDelegate.h */,
				64DFC76A1B98A7C50009DB98 /* INSAppDelegate.m */,
				64DFC76C1B98A7C50009DB98 /* INSMainViewController.h */,
				64DFC76D1B98A7C50009DB98 /* INSMainViewController.m */,
				64DFC76F1B98A7C50009DB98 /* Main.storyboard */,
				64DFC7721B98A7C50009DB98 /* Images.xcassets */,
				64DFC7741B98A7C50009DB98 /* LaunchScreen.xib */,
				64DFC7651B98A7C50009DB98 /* Supporting Files */,
			);
			path = "INSOperationsKit Demo";
			sourceTree = "<group>";
		};
		64DFC7651B98A7C50009DB98 /* Supporting Files */ = {
			isa = PBXGroup;
			children = (
				64DFC7661B98A7C50009DB98 /* Info.plist */,
				64DFC7671B98A7C50009DB98 /* main.m */,
			);
			path = "Supporting Files";
			sourceTree = "<group>";
		};
		64DFC7911B98A7D00009DB98 /* INSOperationsKit */ = {
			isa = PBXGroup;
			children = (
				64DFC7EA1B9A003A0009DB98 /* Others */,
				64DFC7C01B98ABF30009DB98 /* Conditions */,
				64DFC7BB1B98ABC40009DB98 /* Operations */,
				64DFC7B51B98AA070009DB98 /* Observers */,
				64DFC7B01B98A82F0009DB98 /* Operation Queue */,
				64DFC7941B98A7D00009DB98 /* INSOperationsKit.h */,
				64DFC7921B98A7D00009DB98 /* Supporting Files */,
			);
			path = INSOperationsKit;
			sourceTree = "<group>";
		};
		64DFC7921B98A7D00009DB98 /* Supporting Files */ = {
			isa = PBXGroup;
			children = (
				64DFC7931B98A7D00009DB98 /* Info.plist */,
			);
			path = "Supporting Files";
			sourceTree = "<group>";
		};
		64DFC7A01B98A7D00009DB98 /* INSOperationsKitTests */ = {
			isa = PBXGroup;
			children = (
				64DFC7F51B9A0CF50009DB98 /* INSOperationTestCondition.h */,
				64DFC7F61B9A0CF50009DB98 /* INSOperationTestCondition.m */,
				64DFC7A31B98A7D00009DB98 /* INSOperationsKitTests.m */,
				64DFC7A11B98A7D00009DB98 /* Supporting Files */,
			);
			path = INSOperationsKitTests;
			sourceTree = "<group>";
		};
		64DFC7A11B98A7D00009DB98 /* Supporting Files */ = {
			isa = PBXGroup;
			children = (
				64DFC7A21B98A7D00009DB98 /* Info.plist */,
			);
			path = "Supporting Files";
			sourceTree = "<group>";
		};
		64DFC7B01B98A82F0009DB98 /* Operation Queue */ = {
			isa = PBXGroup;
			children = (
				64DFC7B11B98A89E0009DB98 /* INSOperationQueue.h */,
				64DFC7B21B98A89E0009DB98 /* INSOperationQueue.m */,
				64DFC7CE1B98F07C0009DB98 /* INSExclusivityController.h */,
				64DFC7CF1B98F07C0009DB98 /* INSExclusivityController.m */,
			);
			path = "Operation Queue";
			sourceTree = "<group>";
		};
		64DFC7B51B98AA070009DB98 /* Observers */ = {
			isa = PBXGroup;
			children = (
				64DFC7B61B98AA190009DB98 /* INSOperationObserverProtocol.h */,
				64DFC7B71B98AA5E0009DB98 /* INSBlockObserver.h */,
				64DFC7B81B98AA5E0009DB98 /* INSBlockObserver.m */,
				64DFC7E21B99FDC70009DB98 /* INSTimeoutObserver.h */,
				64DFC7E31B99FDC70009DB98 /* INSTimeoutObserver.m */,
			);
			path = Observers;
			sourceTree = "<group>";
		};
		64DFC7BB1B98ABC40009DB98 /* Operations */ = {
			isa = PBXGroup;
			children = (
				6418E1411B9E3D5600ABD1DD /* INSChainableOperationProtocol.h */,
				6418E13D1B9E3D3100ABD1DD /* INSChainOperation.h */,
				6418E13E1B9E3D3100ABD1DD /* INSChainOperation.m */,
				64DFC7BC1B98ABD30009DB98 /* INSOperation.h */,
				64DFC7BD1B98ABD30009DB98 /* INSOperation.m */,
				64DFC7CA1B98EB520009DB98 /* NSOperation+INSOperationKit.h */,
				64DFC7CB1B98EB520009DB98 /* NSOperation+INSOperationKit.m */,
				64DFC7D21B99F8C70009DB98 /* INSBlockOperation.h */,
				64DFC7D31B99F8C70009DB98 /* INSBlockOperation.m */,
				64DFC7D61B99FA150009DB98 /* INSGroupOperation.h */,
				64DFC7D71B99FA150009DB98 /* INSGroupOperation.m */,
				64DFC7DA1B99FB370009DB98 /* INSDelayOperation.h */,
				64DFC7DB1B99FB370009DB98 /* INSDelayOperation.m */,
				64DFC7DE1B99FC840009DB98 /* INSURLSessionTaskOperation.h */,
				64DFC7DF1B99FC840009DB98 /* INSURLSessionTaskOperation.m */,
				64DFC8081B9CBCEC0009DB98 /* INSPhotosLibraryAccessOperation.h */,
				64DFC8091B9CBCEC0009DB98 /* INSPhotosLibraryAccessOperation.m */,
			);
			path = Operations;
			sourceTree = "<group>";
		};
		64DFC7C01B98ABF30009DB98 /* Conditions */ = {
			isa = PBXGroup;
			children = (
				64DFC7C51B98AE590009DB98 /* INSOperationConditionProtocol.h */,
				64DFC7C11B98AC0A0009DB98 /* INSOperationConditionResult.h */,
				64DFC7C21B98AC0A0009DB98 /* INSOperationConditionResult.m */,
				64DFC7E61B9A00300009DB98 /* INSMutallyExclusiveCondition.h */,
				64DFC7E71B9A00300009DB98 /* INSMutallyExclusiveCondition.m */,
				64DFC7EB1B9A02900009DB98 /* INSReachabilityCondition.h */,
				64DFC7EC1B9A02900009DB98 /* INSReachabilityCondition.m */,
				64DFC7F81B9C9A8E0009DB98 /* INSSilientCondition.h */,
				64DFC7F91B9C9A8E0009DB98 /* INSSilientCondition.m */,
				64DFC7FC1B9CA0E90009DB98 /* INSNegatedCondition.h */,
				64DFC7FD1B9CA0E90009DB98 /* INSNegatedCondition.m */,
				64DFC8001B9CAB450009DB98 /* INSNoCancelledDependenciesCondition.h */,
				64DFC8011B9CAB450009DB98 /* INSNoCancelledDependenciesCondition.m */,
				64DFC8041B9CBCD10009DB98 /* INSPhotosLibraryAccessCondition.h */,
				64DFC8051B9CBCD10009DB98 /* INSPhotosLibraryAccessCondition.m */,
			);
			path = Conditions;
			sourceTree = "<group>";
		};
		64DFC7EA1B9A003A0009DB98 /* Others */ = {
			isa = PBXGroup;
			children = (
				64DFC7C61B98AF210009DB98 /* NSError+INSOperationKit.h */,
				64DFC7C71B98AF210009DB98 /* NSError+INSOperationKit.m */,
				64DFC7EF1B9A04210009DB98 /* INSReachabilityManager.h */,
				64DFC7F01B9A04210009DB98 /* INSReachabilityManager.m */,
			);
			path = Others;
			sourceTree = "<group>";
		};
/* End PBXGroup section */

/* Begin PBXHeadersBuildPhase section */
		64DFC78D1B98A7D00009DB98 /* Headers */ = {
			isa = PBXHeadersBuildPhase;
			buildActionMask = 2147483647;
			files = (
				64DFC7ED1B9A02900009DB98 /* INSReachabilityCondition.h in Headers */,
				64DFC7B91B98AA5E0009DB98 /* INSBlockObserver.h in Headers */,
				64DFC7C31B98AC0A0009DB98 /* INSOperationConditionResult.h in Headers */,
				64DFC7DC1B99FB370009DB98 /* INSDelayOperation.h in Headers */,
				64DFC7F11B9A04210009DB98 /* INSReachabilityManager.h in Headers */,
				64DFC7C81B98AF210009DB98 /* NSError+INSOperationKit.h in Headers */,
				64DFC7E41B99FDC70009DB98 /* INSTimeoutObserver.h in Headers */,
				64DFC7951B98A7D00009DB98 /* INSOperationsKit.h in Headers */,
				64DFC7CC1B98EB520009DB98 /* NSOperation+INSOperationKit.h in Headers */,
				64DFC7E81B9A00300009DB98 /* INSMutallyExclusiveCondition.h in Headers */,
				64DFC7B31B98A89E0009DB98 /* INSOperationQueue.h in Headers */,
				64DFC7E01B99FC840009DB98 /* INSURLSessionTaskOperation.h in Headers */,
				64DFC7BE1B98ABD30009DB98 /* INSOperation.h in Headers */,
				64DFC7D41B99F8C70009DB98 /* INSBlockOperation.h in Headers */,
				64DFC7F31B9A0B2D0009DB98 /* INSOperationConditionProtocol.h in Headers */,
				64DFC7FA1B9C9A8E0009DB98 /* INSSilientCondition.h in Headers */,
				64DFC7F41B9A0B2D0009DB98 /* INSOperationObserverProtocol.h in Headers */,
				64DFC8021B9CAB450009DB98 /* INSNoCancelledDependenciesCondition.h in Headers */,
				64DFC8061B9CBCD10009DB98 /* INSPhotosLibraryAccessCondition.h in Headers */,
				64DFC80A1B9CBCEC0009DB98 /* INSPhotosLibraryAccessOperation.h in Headers */,
				6418E1421B9E413100ABD1DD /* INSChainableOperationProtocol.h in Headers */,
				6418E13F1B9E3D3100ABD1DD /* INSChainOperation.h in Headers */,
				64DFC7FE1B9CA0E90009DB98 /* INSNegatedCondition.h in Headers */,
				64DFC7D81B99FA150009DB98 /* INSGroupOperation.h in Headers */,
				64DFC7D01B98F07C0009DB98 /* INSExclusivityController.h in Headers */,
			);
			runOnlyForDeploymentPostprocessing = 0;
		};
/* End PBXHeadersBuildPhase section */

/* Begin PBXNativeTarget section */
		64DFC7611B98A7C50009DB98 /* INSOperationsKit Demo */ = {
			isa = PBXNativeTarget;
			buildConfigurationList = 64DFC7851B98A7C50009DB98 /* Build configuration list for PBXNativeTarget "INSOperationsKit Demo" */;
			buildPhases = (
				64DFC75E1B98A7C50009DB98 /* Sources */,
				64DFC75F1B98A7C50009DB98 /* Frameworks */,
				64DFC7601B98A7C50009DB98 /* Resources */,
				64DFC7AC1B98A7D00009DB98 /* Embed Frameworks */,
			);
			buildRules = (
			);
			dependencies = (
				64DFC7A61B98A7D00009DB98 /* PBXTargetDependency */,
			);
			name = "INSOperationsKit Demo";
			productName = "INSOperationsKit Demo";
			productReference = 64DFC7621B98A7C50009DB98 /* INSOperationsKit Demo.app */;
			productType = "com.apple.product-type.application";
		};
		64DFC78F1B98A7D00009DB98 /* INSOperationsKit */ = {
			isa = PBXNativeTarget;
			buildConfigurationList = 64DFC7A91B98A7D00009DB98 /* Build configuration list for PBXNativeTarget "INSOperationsKit" */;
			buildPhases = (
				64DFC78B1B98A7D00009DB98 /* Sources */,
				64DFC78C1B98A7D00009DB98 /* Frameworks */,
				64DFC78D1B98A7D00009DB98 /* Headers */,
				64DFC78E1B98A7D00009DB98 /* Resources */,
			);
			buildRules = (
			);
			dependencies = (
			);
			name = INSOperationsKit;
			productName = INSOperationsKit;
			productReference = 64DFC7901B98A7D00009DB98 /* INSOperationsKit.framework */;
			productType = "com.apple.product-type.framework";
		};
		64DFC7991B98A7D00009DB98 /* INSOperationsKitTests */ = {
			isa = PBXNativeTarget;
			buildConfigurationList = 64DFC7AD1B98A7D00009DB98 /* Build configuration list for PBXNativeTarget "INSOperationsKitTests" */;
			buildPhases = (
				64DFC7961B98A7D00009DB98 /* Sources */,
				64DFC7971B98A7D00009DB98 /* Frameworks */,
				64DFC7981B98A7D00009DB98 /* Resources */,
			);
			buildRules = (
			);
			dependencies = (
				64DFC79D1B98A7D00009DB98 /* PBXTargetDependency */,
			);
			name = INSOperationsKitTests;
			productName = INSOperationsKitTests;
			productReference = 64DFC79A1B98A7D00009DB98 /* INSOperationsKitTests.xctest */;
			productType = "com.apple.product-type.bundle.unit-test";
		};
/* End PBXNativeTarget section */

/* Begin PBXProject section */
		64DFC75A1B98A7C50009DB98 /* Project object */ = {
			isa = PBXProject;
			attributes = {
				LastUpgradeCheck = 0640;
				ORGANIZATIONNAME = "Michal Zaborowski";
				TargetAttributes = {
					64DFC7611B98A7C50009DB98 = {
						CreatedOnToolsVersion = 6.4;
					};
					64DFC78F1B98A7D00009DB98 = {
						CreatedOnToolsVersion = 6.4;
					};
					64DFC7991B98A7D00009DB98 = {
						CreatedOnToolsVersion = 6.4;
					};
				};
			};
			buildConfigurationList = 64DFC75D1B98A7C50009DB98 /* Build configuration list for PBXProject "INSOperationsKit Demo" */;
			compatibilityVersion = "Xcode 3.2";
			developmentRegion = English;
			hasScannedForEncodings = 0;
			knownRegions = (
				en,
				Base,
			);
			mainGroup = 64DFC7591B98A7C50009DB98;
			productRefGroup = 64DFC7631B98A7C50009DB98 /* Products */;
			projectDirPath = "";
			projectRoot = "";
			targets = (
				64DFC7611B98A7C50009DB98 /* INSOperationsKit Demo */,
				64DFC78F1B98A7D00009DB98 /* INSOperationsKit */,
				64DFC7991B98A7D00009DB98 /* INSOperationsKitTests */,
			);
		};
/* End PBXProject section */

/* Begin PBXResourcesBuildPhase section */
		64DFC7601B98A7C50009DB98 /* Resources */ = {
			isa = PBXResourcesBuildPhase;
			buildActionMask = 2147483647;
			files = (
				64DFC7711B98A7C50009DB98 /* Main.storyboard in Resources */,
				64DFC7761B98A7C50009DB98 /* LaunchScreen.xib in Resources */,
				64DFC7731B98A7C50009DB98 /* Images.xcassets in Resources */,
			);
			runOnlyForDeploymentPostprocessing = 0;
		};
		64DFC78E1B98A7D00009DB98 /* Resources */ = {
			isa = PBXResourcesBuildPhase;
			buildActionMask = 2147483647;
			files = (
			);
			runOnlyForDeploymentPostprocessing = 0;
		};
		64DFC7981B98A7D00009DB98 /* Resources */ = {
			isa = PBXResourcesBuildPhase;
			buildActionMask = 2147483647;
			files = (
			);
			runOnlyForDeploymentPostprocessing = 0;
		};
/* End PBXResourcesBuildPhase section */

/* Begin PBXSourcesBuildPhase section */
		64DFC75E1B98A7C50009DB98 /* Sources */ = {
			isa = PBXSourcesBuildPhase;
			buildActionMask = 2147483647;
			files = (
				6418E12C1B9E199E00ABD1DD /* INSCoreDataStack.m in Sources */,
				64DFC76E1B98A7C50009DB98 /* INSMainViewController.m in Sources */,
				64DFC76B1B98A7C50009DB98 /* INSAppDelegate.m in Sources */,
				6418E1271B9E18C600ABD1DD /* INSEarthquake.m in Sources */,
				6418E13C1B9E31D300ABD1DD /* INSParseOperation.m in Sources */,
				6418E1361B9E28F300ABD1DD /* INSDownloadEarthquakesOperation.m in Sources */,
				64DFC7681B98A7C50009DB98 /* main.m in Sources */,
				647B822F1B9E181E0051EB46 /* Model.xcdatamodeld in Sources */,
			);
			runOnlyForDeploymentPostprocessing = 0;
		};
		64DFC78B1B98A7D00009DB98 /* Sources */ = {
			isa = PBXSourcesBuildPhase;
			buildActionMask = 2147483647;
			files = (
				64DFC7DD1B99FB370009DB98 /* INSDelayOperation.m in Sources */,
				64DFC7EE1B9A02900009DB98 /* INSReachabilityCondition.m in Sources */,
				64DFC8071B9CBCD10009DB98 /* INSPhotosLibraryAccessCondition.m in Sources */,
				64DFC7CD1B98EB520009DB98 /* NSOperation+INSOperationKit.m in Sources */,
				64DFC7E11B99FC840009DB98 /* INSURLSessionTaskOperation.m in Sources */,
				64DFC80B1B9CBCEC0009DB98 /* INSPhotosLibraryAccessOperation.m in Sources */,
				64DFC7BA1B98AA5E0009DB98 /* INSBlockObserver.m in Sources */,
				64DFC7E91B9A00300009DB98 /* INSMutallyExclusiveCondition.m in Sources */,
				6418E1401B9E3D3100ABD1DD /* INSChainOperation.m in Sources */,
				64DFC7C41B98AC0A0009DB98 /* INSOperationConditionResult.m in Sources */,
				64DFC7D11B98F07C0009DB98 /* INSExclusivityController.m in Sources */,
				64DFC8031B9CAB450009DB98 /* INSNoCancelledDependenciesCondition.m in Sources */,
				64DFC7D51B99F8C70009DB98 /* INSBlockOperation.m in Sources */,
				64DFC7FB1B9C9A8E0009DB98 /* INSSilientCondition.m in Sources */,
				64DFC7B41B98A89E0009DB98 /* INSOperationQueue.m in Sources */,
				64DFC7E51B99FDC70009DB98 /* INSTimeoutObserver.m in Sources */,
				64DFC7F21B9A04210009DB98 /* INSReachabilityManager.m in Sources */,
				64DFC7D91B99FA150009DB98 /* INSGroupOperation.m in Sources */,
				64DFC7C91B98AF210009DB98 /* NSError+INSOperationKit.m in Sources */,
				64DFC7FF1B9CA0E90009DB98 /* INSNegatedCondition.m in Sources */,
				64DFC7BF1B98ABD30009DB98 /* INSOperation.m in Sources */,
			);
			runOnlyForDeploymentPostprocessing = 0;
		};
		64DFC7961B98A7D00009DB98 /* Sources */ = {
			isa = PBXSourcesBuildPhase;
			buildActionMask = 2147483647;
			files = (
				64DFC7F71B9A0CF50009DB98 /* INSOperationTestCondition.m in Sources */,
				64DFC7A41B98A7D00009DB98 /* INSOperationsKitTests.m in Sources */,
			);
			runOnlyForDeploymentPostprocessing = 0;
		};
/* End PBXSourcesBuildPhase section */

/* Begin PBXTargetDependency section */
		64DFC79D1B98A7D00009DB98 /* PBXTargetDependency */ = {
			isa = PBXTargetDependency;
			target = 64DFC78F1B98A7D00009DB98 /* INSOperationsKit */;
			targetProxy = 64DFC79C1B98A7D00009DB98 /* PBXContainerItemProxy */;
		};
		64DFC7A61B98A7D00009DB98 /* PBXTargetDependency */ = {
			isa = PBXTargetDependency;
			target = 64DFC78F1B98A7D00009DB98 /* INSOperationsKit */;
			targetProxy = 64DFC7A51B98A7D00009DB98 /* PBXContainerItemProxy */;
		};
/* End PBXTargetDependency section */

/* Begin PBXVariantGroup section */
		64DFC76F1B98A7C50009DB98 /* Main.storyboard */ = {
			isa = PBXVariantGroup;
			children = (
				64DFC7701B98A7C50009DB98 /* Base */,
			);
			name = Main.storyboard;
			path = .;
			sourceTree = "<group>";
		};
		64DFC7741B98A7C50009DB98 /* LaunchScreen.xib */ = {
			isa = PBXVariantGroup;
			children = (
				64DFC7751B98A7C50009DB98 /* Base */,
			);
			name = LaunchScreen.xib;
			path = .;
			sourceTree = "<group>";
		};
/* End PBXVariantGroup section */

/* Begin XCBuildConfiguration section */
		64DFC7831B98A7C50009DB98 /* Debug */ = {
			isa = XCBuildConfiguration;
			buildSettings = {
				ALWAYS_SEARCH_USER_PATHS = NO;
				CLANG_CXX_LANGUAGE_STANDARD = "gnu++0x";
				CLANG_CXX_LIBRARY = "libc++";
				CLANG_ENABLE_MODULES = YES;
				CLANG_ENABLE_OBJC_ARC = YES;
				CLANG_WARN_BOOL_CONVERSION = YES;
				CLANG_WARN_CONSTANT_CONVERSION = YES;
				CLANG_WARN_DIRECT_OBJC_ISA_USAGE = YES_ERROR;
				CLANG_WARN_EMPTY_BODY = YES;
				CLANG_WARN_ENUM_CONVERSION = YES;
				CLANG_WARN_INT_CONVERSION = YES;
				CLANG_WARN_OBJC_ROOT_CLASS = YES_ERROR;
				CLANG_WARN_UNREACHABLE_CODE = YES;
				CLANG_WARN__DUPLICATE_METHOD_MATCH = YES;
				"CODE_SIGN_IDENTITY[sdk=iphoneos*]" = "iPhone Developer";
				COPY_PHASE_STRIP = NO;
				DEBUG_INFORMATION_FORMAT = "dwarf-with-dsym";
				ENABLE_STRICT_OBJC_MSGSEND = YES;
				GCC_C_LANGUAGE_STANDARD = gnu99;
				GCC_DYNAMIC_NO_PIC = NO;
				GCC_NO_COMMON_BLOCKS = YES;
				GCC_OPTIMIZATION_LEVEL = 0;
				GCC_PREPROCESSOR_DEFINITIONS = (
					"DEBUG=1",
					"$(inherited)",
				);
				GCC_SYMBOLS_PRIVATE_EXTERN = NO;
				GCC_WARN_64_TO_32_BIT_CONVERSION = YES;
				GCC_WARN_ABOUT_RETURN_TYPE = YES_ERROR;
				GCC_WARN_UNDECLARED_SELECTOR = YES;
				GCC_WARN_UNINITIALIZED_AUTOS = YES_AGGRESSIVE;
				GCC_WARN_UNUSED_FUNCTION = YES;
				GCC_WARN_UNUSED_VARIABLE = YES;
				IPHONEOS_DEPLOYMENT_TARGET = 8.4;
				MTL_ENABLE_DEBUG_INFO = YES;
				ONLY_ACTIVE_ARCH = YES;
				SDKROOT = iphoneos;
				TARGETED_DEVICE_FAMILY = "1,2";
			};
			name = Debug;
		};
		64DFC7841B98A7C50009DB98 /* Release */ = {
			isa = XCBuildConfiguration;
			buildSettings = {
				ALWAYS_SEARCH_USER_PATHS = NO;
				CLANG_CXX_LANGUAGE_STANDARD = "gnu++0x";
				CLANG_CXX_LIBRARY = "libc++";
				CLANG_ENABLE_MODULES = YES;
				CLANG_ENABLE_OBJC_ARC = YES;
				CLANG_WARN_BOOL_CONVERSION = YES;
				CLANG_WARN_CONSTANT_CONVERSION = YES;
				CLANG_WARN_DIRECT_OBJC_ISA_USAGE = YES_ERROR;
				CLANG_WARN_EMPTY_BODY = YES;
				CLANG_WARN_ENUM_CONVERSION = YES;
				CLANG_WARN_INT_CONVERSION = YES;
				CLANG_WARN_OBJC_ROOT_CLASS = YES_ERROR;
				CLANG_WARN_UNREACHABLE_CODE = YES;
				CLANG_WARN__DUPLICATE_METHOD_MATCH = YES;
				"CODE_SIGN_IDENTITY[sdk=iphoneos*]" = "iPhone Developer";
				COPY_PHASE_STRIP = NO;
				DEBUG_INFORMATION_FORMAT = "dwarf-with-dsym";
				ENABLE_NS_ASSERTIONS = NO;
				ENABLE_STRICT_OBJC_MSGSEND = YES;
				GCC_C_LANGUAGE_STANDARD = gnu99;
				GCC_NO_COMMON_BLOCKS = YES;
				GCC_WARN_64_TO_32_BIT_CONVERSION = YES;
				GCC_WARN_ABOUT_RETURN_TYPE = YES_ERROR;
				GCC_WARN_UNDECLARED_SELECTOR = YES;
				GCC_WARN_UNINITIALIZED_AUTOS = YES_AGGRESSIVE;
				GCC_WARN_UNUSED_FUNCTION = YES;
				GCC_WARN_UNUSED_VARIABLE = YES;
				IPHONEOS_DEPLOYMENT_TARGET = 8.4;
				MTL_ENABLE_DEBUG_INFO = NO;
				SDKROOT = iphoneos;
				TARGETED_DEVICE_FAMILY = "1,2";
				VALIDATE_PRODUCT = YES;
			};
			name = Release;
		};
		64DFC7861B98A7C50009DB98 /* Debug */ = {
			isa = XCBuildConfiguration;
			buildSettings = {
				ASSETCATALOG_COMPILER_APPICON_NAME = AppIcon;
				INFOPLIST_FILE = "INSOperationsKit Demo/Supporting Files/Info.plist";
				LD_RUNPATH_SEARCH_PATHS = "$(inherited) @executable_path/Frameworks";
				PRODUCT_NAME = "$(TARGET_NAME)";
			};
			name = Debug;
		};
		64DFC7871B98A7C50009DB98 /* Release */ = {
			isa = XCBuildConfiguration;
			buildSettings = {
				ASSETCATALOG_COMPILER_APPICON_NAME = AppIcon;
				INFOPLIST_FILE = "INSOperationsKit Demo/Supporting Files/Info.plist";
				LD_RUNPATH_SEARCH_PATHS = "$(inherited) @executable_path/Frameworks";
				PRODUCT_NAME = "$(TARGET_NAME)";
			};
			name = Release;
		};
		64DFC7AA1B98A7D00009DB98 /* Debug */ = {
			isa = XCBuildConfiguration;
			buildSettings = {
				CURRENT_PROJECT_VERSION = 1;
				DEFINES_MODULE = YES;
				DYLIB_COMPATIBILITY_VERSION = 1;
				DYLIB_CURRENT_VERSION = 1;
				DYLIB_INSTALL_NAME_BASE = "@rpath";
				GCC_PREPROCESSOR_DEFINITIONS = (
					"DEBUG=1",
					"$(inherited)",
				);
				INFOPLIST_FILE = "INSOperationsKit/Supporting Files/Info.plist";
				INSTALL_PATH = "$(LOCAL_LIBRARY_DIR)/Frameworks";
				LD_RUNPATH_SEARCH_PATHS = "$(inherited) @executable_path/Frameworks @loader_path/Frameworks";
				PRODUCT_NAME = "$(TARGET_NAME)";
				SKIP_INSTALL = YES;
				VERSIONING_SYSTEM = "apple-generic";
				VERSION_INFO_PREFIX = "";
			};
			name = Debug;
		};
		64DFC7AB1B98A7D00009DB98 /* Release */ = {
			isa = XCBuildConfiguration;
			buildSettings = {
				CURRENT_PROJECT_VERSION = 1;
				DEFINES_MODULE = YES;
				DYLIB_COMPATIBILITY_VERSION = 1;
				DYLIB_CURRENT_VERSION = 1;
				DYLIB_INSTALL_NAME_BASE = "@rpath";
				INFOPLIST_FILE = "INSOperationsKit/Supporting Files/Info.plist";
				INSTALL_PATH = "$(LOCAL_LIBRARY_DIR)/Frameworks";
				LD_RUNPATH_SEARCH_PATHS = "$(inherited) @executable_path/Frameworks @loader_path/Frameworks";
				PRODUCT_NAME = "$(TARGET_NAME)";
				SKIP_INSTALL = YES;
				VERSIONING_SYSTEM = "apple-generic";
				VERSION_INFO_PREFIX = "";
			};
			name = Release;
		};
		64DFC7AE1B98A7D00009DB98 /* Debug */ = {
			isa = XCBuildConfiguration;
			buildSettings = {
				FRAMEWORK_SEARCH_PATHS = (
					"$(SDKROOT)/Developer/Library/Frameworks",
					"$(inherited)",
				);
				GCC_PREPROCESSOR_DEFINITIONS = (
					"DEBUG=1",
					"$(inherited)",
				);
				INFOPLIST_FILE = "INSOperationsKitTests/Supporting Files/Info.plist";
				LD_RUNPATH_SEARCH_PATHS = "$(inherited) @executable_path/Frameworks @loader_path/Frameworks";
				PRODUCT_NAME = "$(TARGET_NAME)";
			};
			name = Debug;
		};
		64DFC7AF1B98A7D00009DB98 /* Release */ = {
			isa = XCBuildConfiguration;
			buildSettings = {
				FRAMEWORK_SEARCH_PATHS = (
					"$(SDKROOT)/Developer/Library/Frameworks",
					"$(inherited)",
				);
				INFOPLIST_FILE = "INSOperationsKitTests/Supporting Files/Info.plist";
				LD_RUNPATH_SEARCH_PATHS = "$(inherited) @executable_path/Frameworks @loader_path/Frameworks";
				PRODUCT_NAME = "$(TARGET_NAME)";
			};
			name = Release;
		};
/* End XCBuildConfiguration section */

/* Begin XCConfigurationList section */
		64DFC75D1B98A7C50009DB98 /* Build configuration list for PBXProject "INSOperationsKit Demo" */ = {
			isa = XCConfigurationList;
			buildConfigurations = (
				64DFC7831B98A7C50009DB98 /* Debug */,
				64DFC7841B98A7C50009DB98 /* Release */,
			);
			defaultConfigurationIsVisible = 0;
			defaultConfigurationName = Release;
		};
		64DFC7851B98A7C50009DB98 /* Build configuration list for PBXNativeTarget "INSOperationsKit Demo" */ = {
			isa = XCConfigurationList;
			buildConfigurations = (
				64DFC7861B98A7C50009DB98 /* Debug */,
				64DFC7871B98A7C50009DB98 /* Release */,
			);
			defaultConfigurationIsVisible = 0;
			defaultConfigurationName = Release;
		};
		64DFC7A91B98A7D00009DB98 /* Build configuration list for PBXNativeTarget "INSOperationsKit" */ = {
			isa = XCConfigurationList;
			buildConfigurations = (
				64DFC7AA1B98A7D00009DB98 /* Debug */,
				64DFC7AB1B98A7D00009DB98 /* Release */,
			);
			defaultConfigurationIsVisible = 0;
			defaultConfigurationName = Release;
		};
		64DFC7AD1B98A7D00009DB98 /* Build configuration list for PBXNativeTarget "INSOperationsKitTests" */ = {
			isa = XCConfigurationList;
			buildConfigurations = (
				64DFC7AE1B98A7D00009DB98 /* Debug */,
				64DFC7AF1B98A7D00009DB98 /* Release */,
			);
			defaultConfigurationIsVisible = 0;
			defaultConfigurationName = Release;
		};
/* End XCConfigurationList section */

/* Begin XCVersionGroup section */
		647B822D1B9E181E0051EB46 /* Model.xcdatamodeld */ = {
			isa = XCVersionGroup;
			children = (
				647B822E1B9E181E0051EB46 /* Model.xcdatamodel */,
			);
			currentVersion = 647B822E1B9E181E0051EB46 /* Model.xcdatamodel */;
			path = Model.xcdatamodeld;
			sourceTree = "<group>";
			versionGroupType = wrapper.xcdatamodel;
		};
/* End XCVersionGroup section */
	};
	rootObject = 64DFC75A1B98A7C50009DB98 /* Project object */;
}
